
Microsoft Visual Studio Solution File, Format Version 12.00
# Visual Studio Version 17
VisualStudioVersion = 17.8.34330.188
MinimumVisualStudioVersion = 10.0.40219.1
Project("{FAE04EC0-301F-11D3-BF4B-00C04F79EFBC}") = "L54_bestPlayers", "L54_bestPlayers.csproj", "{0F2E1970-F2DD-4088-BF6C-EAB102391AA9}"
EndProject
Global
	GlobalSection(SolutionConfigurationPlatforms) = preSolution
		Debug|Any CPU = Debug|Any CPU
		Release|Any CPU = Release|Any CPU
	EndGlobalSection
	GlobalSection(ProjectConfigurationPlatforms) = postSolution
		{0F2E1970-F2DD-4088-BF6C-EAB102391AA9}.Debug|Any CPU.ActiveCfg = Debug|Any CPU
		{0F2E1970-F2DD-4088-BF6C-EAB102391AA9}.Debug|Any CPU.Build.0 = Debug|Any CPU
		{0F2E1970-F2DD-4088-BF6C-EAB102391AA9}.Release|Any CPU.ActiveCfg = Release|Any CPU
		{0F2E1970-F2DD-4088-BF6C-EAB102391AA9}.Release|Any CPU.Build.0 = Release|Any CPU
	EndGlobalSection
	GlobalSection(SolutionProperties) = preSolution
		HideSolutionNode = FALSE
	EndGlobalSection
	GlobalSection(ExtensibilityGlobals) = postSolution
		SolutionGuid = {C62D08EA-0219-4A86-B4CC-F15958B1EAAC}
	EndGlobalSection
EndGlobal
